
Microsoft Visual Studio Solution File, Format Version 12.00
# Visual Studio 15
VisualStudioVersion = 15.0.28307.421
MinimumVisualStudioVersion = 10.0.40219.1
Project("{FAE04EC0-301F-11D3-BF4B-00C04F79EFBC}") = "Shop", "Shop\Shop.csproj", "{0CD07F9B-B5C0-49E3-BAF6-B01F49ACF75C}"
EndProject
Project("{FAE04EC0-301F-11D3-BF4B-00C04F79EFBC}") = "Data", "Data\Data.csproj", "{97D75260-CCD7-4F75-8670-73C85BBDB622}"
EndProject
Global
	GlobalSection(SolutionConfigurationPlatforms) = preSolution
		Debug|Any CPU = Debug|Any CPU
		Release|Any CPU = Release|Any CPU
	EndGlobalSection
	GlobalSection(ProjectConfigurationPlatforms) = postSolution
		{0CD07F9B-B5C0-49E3-BAF6-B01F49ACF75C}.Debug|Any CPU.ActiveCfg = Debug|Any CPU
		{0CD07F9B-B5C0-49E3-BAF6-B01F49ACF75C}.Debug|Any CPU.Build.0 = Debug|Any CPU
		{0CD07F9B-B5C0-49E3-BAF6-B01F49ACF75C}.Release|Any CPU.ActiveCfg = Release|Any CPU
		{0CD07F9B-B5C0-49E3-BAF6-B01F49ACF75C}.Release|Any CPU.Build.0 = Release|Any CPU
		{97D75260-CCD7-4F75-8670-73C85BBDB622}.Debug|Any CPU.ActiveCfg = Debug|Any CPU
		{97D75260-CCD7-4F75-8670-73C85BBDB622}.Debug|Any CPU.Build.0 = Debug|Any CPU
		{97D75260-CCD7-4F75-8670-73C85BBDB622}.Release|Any CPU.ActiveCfg = Release|Any CPU
		{97D75260-CCD7-4F75-8670-73C85BBDB622}.Release|Any CPU.Build.0 = Release|Any CPU
	EndGlobalSection
	GlobalSection(SolutionProperties) = preSolution
		HideSolutionNode = FALSE
	EndGlobalSection
	GlobalSection(ExtensibilityGlobals) = postSolution
		SolutionGuid = {DDD251E2-F595-4A1F-8F2E-00169A9312AB}
	EndGlobalSection
EndGlobal
